
Microsoft Visual Studio Solution File, Format Version 12.00
Project("{FAE04EC0-301F-11D3-BF4B-00C04F79EFBC}") = "WebApplication", "WebApplication\WebApplication.csproj", "{0AB0D457-49D1-4963-ACE5-EE649DD885DB}"
EndProject
Project("{FAE04EC0-301F-11D3-BF4B-00C04F79EFBC}") = "WebApplication.Test", "WebApplication.Test\WebApplication.Test.csproj", "{589778F8-D2E1-4FAC-AE73-570D8A8CA04A}"
EndProject
Global
	GlobalSection(SolutionConfigurationPlatforms) = preSolution
		Debug|Any CPU = Debug|Any CPU
		Release|Any CPU = Release|Any CPU
	EndGlobalSection
	GlobalSection(ProjectConfigurationPlatforms) = postSolution
		{0AB0D457-49D1-4963-ACE5-EE649DD885DB}.Debug|Any CPU.ActiveCfg = Debug|Any CPU
		{0AB0D457-49D1-4963-ACE5-EE649DD885DB}.Debug|Any CPU.Build.0 = Debug|Any CPU
		{0AB0D457-49D1-4963-ACE5-EE649DD885DB}.Release|Any CPU.ActiveCfg = Release|Any CPU
		{0AB0D457-49D1-4963-ACE5-EE649DD885DB}.Release|Any CPU.Build.0 = Release|Any CPU
		{589778F8-D2E1-4FAC-AE73-570D8A8CA04A}.Debug|Any CPU.ActiveCfg = Debug|Any CPU
		{589778F8-D2E1-4FAC-AE73-570D8A8CA04A}.Debug|Any CPU.Build.0 = Debug|Any CPU
		{589778F8-D2E1-4FAC-AE73-570D8A8CA04A}.Release|Any CPU.ActiveCfg = Release|Any CPU
		{589778F8-D2E1-4FAC-AE73-570D8A8CA04A}.Release|Any CPU.Build.0 = Release|Any CPU
	EndGlobalSection
EndGlobal
